
Microsoft Visual Studio Solution File, Format Version 12.00
# Visual Studio 15
VisualStudioVersion = 15.0.26730.3
MinimumVisualStudioVersion = 10.0.40219.1
Project("{FAE04EC0-301F-11D3-BF4B-00C04F79EFBC}") = "ngindia", "ngindia\ngindia.csproj", "{1941996F-8A85-4F2C-A279-287831CAD2F3}"
EndProject
Global
	GlobalSection(SolutionConfigurationPlatforms) = preSolution
		Debug|Any CPU = Debug|Any CPU
		Release|Any CPU = Release|Any CPU
	EndGlobalSection
	GlobalSection(ProjectConfigurationPlatforms) = postSolution
		{1941996F-8A85-4F2C-A279-287831CAD2F3}.Debug|Any CPU.ActiveCfg = Debug|Any CPU
		{1941996F-8A85-4F2C-A279-287831CAD2F3}.Debug|Any CPU.Build.0 = Debug|Any CPU
		{1941996F-8A85-4F2C-A279-287831CAD2F3}.Release|Any CPU.ActiveCfg = Release|Any CPU
		{1941996F-8A85-4F2C-A279-287831CAD2F3}.Release|Any CPU.Build.0 = Release|Any CPU
	EndGlobalSection
	GlobalSection(SolutionProperties) = preSolution
		HideSolutionNode = FALSE
	EndGlobalSection
	GlobalSection(ExtensibilityGlobals) = postSolution
		SolutionGuid = {3EBE79A4-D298-45A9-9825-EFA4BD6DD007}
	EndGlobalSection
EndGlobal
